
Microsoft Visual Studio Solution File, Format Version 12.00
# Visual Studio 14
VisualStudioVersion = 14.0.24720.0
MinimumVisualStudioVersion = 10.0.40219.1
Project("{FAE04EC0-301F-11D3-BF4B-00C04F79EFBC}") = "FTP_Archive", "FTP_Archive\FTP_Archive.csproj", "{ECA7AB11-A1A4-439B-B2D2-E2DBD6620244}"
EndProject
Global
	GlobalSection(SolutionConfigurationPlatforms) = preSolution
		Debug|Any CPU = Debug|Any CPU
		Release|Any CPU = Release|Any CPU
	EndGlobalSection
	GlobalSection(ProjectConfigurationPlatforms) = postSolution
		{ECA7AB11-A1A4-439B-B2D2-E2DBD6620244}.Debug|Any CPU.ActiveCfg = Debug|Any CPU
		{ECA7AB11-A1A4-439B-B2D2-E2DBD6620244}.Debug|Any CPU.Build.0 = Debug|Any CPU
		{ECA7AB11-A1A4-439B-B2D2-E2DBD6620244}.Release|Any CPU.ActiveCfg = Release|Any CPU
		{ECA7AB11-A1A4-439B-B2D2-E2DBD6620244}.Release|Any CPU.Build.0 = Release|Any CPU
	EndGlobalSection
	GlobalSection(SolutionProperties) = preSolution
		HideSolutionNode = FALSE
	EndGlobalSection
EndGlobal
